
Microsoft Visual Studio Solution File, Format Version 12.00
# Visual Studio Version 16
VisualStudioVersion = 16.0.29324.140
MinimumVisualStudioVersion = 10.0.40219.1
Project("{FAE04EC0-301F-11D3-BF4B-00C04F79EFBC}") = "Byt14", "Byt14\Byt14.csproj", "{EAE898B9-4857-409F-9B07-78338CD2F102}"
EndProject
Global
	GlobalSection(SolutionConfigurationPlatforms) = preSolution
		Debug|Any CPU = Debug|Any CPU
		Release|Any CPU = Release|Any CPU
	EndGlobalSection
	GlobalSection(ProjectConfigurationPlatforms) = postSolution
		{EAE898B9-4857-409F-9B07-78338CD2F102}.Debug|Any CPU.ActiveCfg = Debug|Any CPU
		{EAE898B9-4857-409F-9B07-78338CD2F102}.Debug|Any CPU.Build.0 = Debug|Any CPU
		{EAE898B9-4857-409F-9B07-78338CD2F102}.Release|Any CPU.ActiveCfg = Release|Any CPU
		{EAE898B9-4857-409F-9B07-78338CD2F102}.Release|Any CPU.Build.0 = Release|Any CPU
	EndGlobalSection
	GlobalSection(SolutionProperties) = preSolution
		HideSolutionNode = FALSE
	EndGlobalSection
	GlobalSection(ExtensibilityGlobals) = postSolution
		SolutionGuid = {ABA3AA7C-5B3F-4B91-BD4A-5CD7BDB64669}
	EndGlobalSection
EndGlobal
